
Microsoft Visual Studio Solution File, Format Version 12.00
# Visual Studio Version 17
VisualStudioVersion = 17.8.34330.188
MinimumVisualStudioVersion = 10.0.40219.1
Project("{9A19103F-16F7-4668-BE54-9A1E7A4F7556}") = "PostgresDemo.Api", "PostgresDemo.Api\PostgresDemo.Api.csproj", "{B93C88A5-8ADA-4352-B5EE-467ADF5071C2}"
EndProject
Project("{FAE04EC0-301F-11D3-BF4B-00C04F79EFBC}") = "PostgresDemo.DbMigrator", "PostgresDemo.DbMigrator\PostgresDemo.DbMigrator.csproj", "{A61D825E-D017-46DA-AFBF-FB8126FE5FE7}"
EndProject
Global
	GlobalSection(SolutionConfigurationPlatforms) = preSolution
		Debug|Any CPU = Debug|Any CPU
		Release|Any CPU = Release|Any CPU
	EndGlobalSection
	GlobalSection(ProjectConfigurationPlatforms) = postSolution
		{B93C88A5-8ADA-4352-B5EE-467ADF5071C2}.Debug|Any CPU.ActiveCfg = Debug|Any CPU
		{B93C88A5-8ADA-4352-B5EE-467ADF5071C2}.Debug|Any CPU.Build.0 = Debug|Any CPU
		{B93C88A5-8ADA-4352-B5EE-467ADF5071C2}.Release|Any CPU.ActiveCfg = Release|Any CPU
		{B93C88A5-8ADA-4352-B5EE-467ADF5071C2}.Release|Any CPU.Build.0 = Release|Any CPU
		{A61D825E-D017-46DA-AFBF-FB8126FE5FE7}.Debug|Any CPU.ActiveCfg = Debug|Any CPU
		{A61D825E-D017-46DA-AFBF-FB8126FE5FE7}.Debug|Any CPU.Build.0 = Debug|Any CPU
		{A61D825E-D017-46DA-AFBF-FB8126FE5FE7}.Release|Any CPU.ActiveCfg = Release|Any CPU
		{A61D825E-D017-46DA-AFBF-FB8126FE5FE7}.Release|Any CPU.Build.0 = Release|Any CPU
	EndGlobalSection
	GlobalSection(SolutionProperties) = preSolution
		HideSolutionNode = FALSE
	EndGlobalSection
	GlobalSection(ExtensibilityGlobals) = postSolution
		SolutionGuid = {A441B9AF-92AF-4039-9EAA-A4CA3CA8236D}
	EndGlobalSection
EndGlobal
